// !$*UTF8*$!
{
	archiveVersion = 1;
	classes = {
	};
	objectVersion = 110;
	objects = {

/* Begin PBXBuildFile section */
		BA24623D3008FDBF00CA2A15 /* MarkdownView in Frameworks */ = {isa = PBXBuildFile; productRef = BA24623C3008FDBF00CA2A15 /* MarkdownView */; };
		BA2462403008FDDA00CA2A15 /* AIChatUI in Frameworks */ = {isa = PBXBuildFile; productRef = BA24623F3008FDDA00CA2A15 /* AIChatUI */; };
		BA2754243011126F00F0D89B /* AIChatUI in Frameworks */ = {isa = PBXBuildFile; productRef = BA2754233011126F00F0D89B /* AIChatUI */; };
		BA2754263011131000F0D89B /* CoreAILM in Frameworks */ = {isa = PBXBuildFile; productRef = BA2754253011131000F0D89B /* CoreAILM */; };
/* End PBXBuildFile section */

/* Begin PBXCopyFilesBuildPhase section */
		BA20BCBA300BC70F0095CAAC /* CopyFiles */ = {
			isa = PBXCopyFilesBuildPhase;
			dstPath = "";
			dstSubfolder = Resources;
			files = (
			);
		};
/* End PBXCopyFilesBuildPhase section */

/* Begin PBXFileReference section */
		BA24622D3008FD8700CA2A15 /* DevicesideAIModel.app */ = {isa = PBXFileReference; explicitFileType = wrapper.application; includeInIndex = 0; path = DevicesideAIModel.app; sourceTree = BUILT_PRODUCTS_DIR; };
/* End PBXFileReference section */

/* Begin PBXFileSystemSynchronizedRootGroup section */
		BA24622F3008FD8700CA2A15 /* DevicesideAIModel */ = {
			isa = PBXFileSystemSynchronizedRootGroup;
			explicitFolders = (
				QwenAI,
			);
			path = DevicesideAIModel;
			sourceTree = "<group>";
		};
/* End PBXFileSystemSynchronizedRootGroup section */

/* Begin PBXFrameworksBuildPhase section */
		BA24622A3008FD8700CA2A15 /* Frameworks */ = {
			isa = PBXFrameworksBuildPhase;
			files = (
				BA2754263011131000F0D89B /* CoreAILM in Frameworks */,
				BA2462403008FDDA00CA2A15 /* AIChatUI in Frameworks */,
				BA2754243011126F00F0D89B /* AIChatUI in Frameworks */,
				BA24623D3008FDBF00CA2A15 /* MarkdownView in Frameworks */,
			);
		};
/* End PBXFrameworksBuildPhase section */

/* Begin PBXGroup section */
		BA2462243008FD8700CA2A15 = {
			isa = PBXGroup;
			children = (
				BA24622F3008FD8700CA2A15 /* DevicesideAIModel */,
				BA24627E3009195C00CA2A15 /* Frameworks */,
				BA24622E3008FD8700CA2A15 /* Products */,
			);
			sourceTree = "<group>";
		};
		BA24622E3008FD8700CA2A15 /* Products */ = {
			isa = PBXGroup;
			children = (
				BA24622D3008FD8700CA2A15 /* DevicesideAIModel.app */,
			);
			name = Products;
			sourceTree = "<group>";
		};
		BA24627E3009195C00CA2A15 /* Frameworks */ = {
			isa = PBXGroup;
			children = (
			);
			name = Frameworks;
			sourceTree = "<group>";
		};
/* End PBXGroup section */

/* Begin PBXNativeTarget section */
		BA24622C3008FD8700CA2A15 /* DevicesideAIModel */ = {
			isa = PBXNativeTarget;
			buildConfigurationList = BA2462383008FD8800CA2A15 /* Build configuration list for PBXNativeTarget "DevicesideAIModel" */;
			buildPhases = (
				BA2462293008FD8700CA2A15 /* Sources */,
				BA24622A3008FD8700CA2A15 /* Frameworks */,
				BA24622B3008FD8700CA2A15 /* Resources */,
				BA20BCBA300BC70F0095CAAC /* CopyFiles */,
			);
			buildRules = (
			);
			fileSystemSynchronizedGroups = (
				BA24622F3008FD8700CA2A15 /* DevicesideAIModel */,
			);
			name = DevicesideAIModel;
			packageProductDependencies = (
				BA24623C3008FDBF00CA2A15 /* MarkdownView */,
				BA24623F3008FDDA00CA2A15 /* AIChatUI */,
				BA2754233011126F00F0D89B /* AIChatUI */,
				BA2754253011131000F0D89B /* CoreAILM */,
			);
			productName = DevicesideAIModel;
			productReference = BA24622D3008FD8700CA2A15 /* DevicesideAIModel.app */;
			productType = "com.apple.product-type.application";
		};
/* End PBXNativeTarget section */

/* Begin PBXProject section */
		BA2462253008FD8700CA2A15 /* Project object */ = {
			isa = PBXProject;
			attributes = {
				BuildIndependentTargetsInParallel = 1;
				LastSwiftUpdateCheck = 2700;
				LastUpgradeCheck = 2700;
				TargetAttributes = {
					BA24622C3008FD8700CA2A15 = {
						CreatedOnToolsVersion = 27.0;
					};
				};
			};
			buildConfigurationList = BA2462283008FD8700CA2A15 /* Build configuration list for PBXProject "DevicesideAIModel" */;
			developmentRegion = en;
			hasScannedForEncodings = 0;
			knownRegions = (
				en,
				Base,
			);
			mainGroup = BA2462243008FD8700CA2A15;
			minimizedProjectReferenceProxies = 1;
			packageReferences = (
				BA62BF7A3011112E002DBEA2 /* XCRemoteSwiftPackageReference "coreai-models" */,
				BA2754223011126F00F0D89B /* XCRemoteSwiftPackageReference "AIChatUI" */,
			);
			preferredProjectObjectVersion = 77;
			productRefGroup = BA24622E3008FD8700CA2A15 /* Products */;
			projectDirPath = "";
			projectRoot = "";
			targets = (
				BA24622C3008FD8700CA2A15 /* DevicesideAIModel */,
			);
		};
/* End PBXProject section */

/* Begin PBXResourcesBuildPhase section */
		BA24622B3008FD8700CA2A15 /* Resources */ = {
			isa = PBXResourcesBuildPhase;
			files = (
			);
		};
/* End PBXResourcesBuildPhase section */

/* Begin PBXSourcesBuildPhase section */
		BA2462293008FD8700CA2A15 /* Sources */ = {
			isa = PBXSourcesBuildPhase;
			files = (
			);
		};
/* End PBXSourcesBuildPhase section */

/* Begin XCBuildConfiguration section */
		BA2462363008FD8800CA2A15 /* Debug configuration for PBXProject "DevicesideAIModel" */ = {
			isa = XCBuildConfiguration;
			buildSettings = {
				ALWAYS_SEARCH_USER_PATHS = NO;
				ASSETCATALOG_COMPILER_GENERATE_SWIFT_ASSET_SYMBOL_EXTENSIONS = YES;
				CLANG_ANALYZER_NONNULL = YES;
				CLANG_ANALYZER_NUMBER_OBJECT_CONVERSION = YES_AGGRESSIVE;
				CLANG_CXX_LANGUAGE_STANDARD = "gnu++20";
				CLANG_ENABLE_MODULES = YES;
				CLANG_ENABLE_OBJC_ARC = YES;
				CLANG_ENABLE_OBJC_WEAK = YES;
				CLANG_WARN_BLOCK_CAPTURE_AUTORELEASING = YES;
				CLANG_WARN_BOOL_CONVERSION = YES;
				CLANG_WARN_COMMA = YES;
				CLANG_WARN_CONSTANT_CONVERSION = YES;
				CLANG_WARN_DEPRECATED_OBJC_IMPLEMENTATIONS = YES;
				CLANG_WARN_DIRECT_OBJC_ISA_USAGE = YES_ERROR;
				CLANG_WARN_DOCUMENTATION_COMMENTS = YES;
				CLANG_WARN_EMPTY_BODY = YES;
				CLANG_WARN_ENUM_CONVERSION = YES;
				CLANG_WARN_INFINITE_RECURSION = YES;
				CLANG_WARN_INT_CONVERSION = YES;
				CLANG_WARN_NON_LITERAL_NULL_CONVERSION = YES;
				CLANG_WARN_OBJC_IMPLICIT_RETAIN_SELF = YES;
				CLANG_WARN_OBJC_LITERAL_CONVERSION = YES;
				CLANG_WARN_OBJC_ROOT_CLASS = YES_ERROR;
				CLANG_WARN_QUOTED_INCLUDE_IN_FRAMEWORK_HEADER = YES;
				CLANG_WARN_RANGE_LOOP_ANALYSIS = YES;
				CLANG_WARN_STRICT_PROTOTYPES = YES;
				CLANG_WARN_SUSPICIOUS_MOVE = YES;
				CLANG_WARN_UNGUARDED_AVAILABILITY = YES_AGGRESSIVE;
				CLANG_WARN_UNREACHABLE_CODE = YES;
				CLANG_WARN__DUPLICATE_METHOD_MATCH = YES;
				COPY_PHASE_STRIP = NO;
				DEBUG_INFORMATION_FORMAT = dwarf;
				DEVELOPMENT_TEAM = NP43CFP325;
				ENABLE_STRICT_OBJC_MSGSEND = YES;
				ENABLE_TESTABILITY = YES;
				ENABLE_USER_SCRIPT_SANDBOXING = YES;
				GCC_C_LANGUAGE_STANDARD = gnu17;
				GCC_DYNAMIC_NO_PIC = NO;
				GCC_NO_COMMON_BLOCKS = YES;
				GCC_OPTIMIZATION_LEVEL = 0;
				GCC_PREPROCESSOR_DEFINITIONS = (
					"DEBUG=1",
					"$(inherited)",
				);
				GCC_WARN_64_TO_32_BIT_CONVERSION = YES;
				GCC_WARN_ABOUT_RETURN_TYPE = YES_ERROR;
				GCC_WARN_UNDECLARED_SELECTOR = YES;
				GCC_WARN_UNINITIALIZED_AUTOS = YES_AGGRESSIVE;
				GCC_WARN_UNUSED_FUNCTION = YES;
				GCC_WARN_UNUSED_VARIABLE = YES;
				IPHONEOS_DEPLOYMENT_TARGET = 27.0;
				LOCALIZATION_PREFERS_STRING_CATALOGS = YES;
				MTL_ENABLE_DEBUG_INFO = INCLUDE_SOURCE;
				MTL_FAST_MATH = YES;
				ONLY_ACTIVE_ARCH = YES;
				SDKROOT = iphoneos;
				SWIFT_ACTIVE_COMPILATION_CONDITIONS = "DEBUG $(inherited)";
				SWIFT_OPTIMIZATION_LEVEL = "-Onone";
			};
			name = Debug;
		};
		BA2462373008FD8800CA2A15 /* Release configuration for PBXProject "DevicesideAIModel" */ = {
			isa = XCBuildConfiguration;
			buildSettings = {
				ALWAYS_SEARCH_USER_PATHS = NO;
				ASSETCATALOG_COMPILER_GENERATE_SWIFT_ASSET_SYMBOL_EXTENSIONS = YES;
				CLANG_ANALYZER_NONNULL = YES;
				CLANG_ANALYZER_NUMBER_OBJECT_CONVERSION = YES_AGGRESSIVE;
				CLANG_CXX_LANGUAGE_STANDARD = "gnu++20";
				CLANG_ENABLE_MODULES = YES;
				CLANG_ENABLE_OBJC_ARC = YES;
				CLANG_ENABLE_OBJC_WEAK = YES;
				CLANG_WARN_BLOCK_CAPTURE_AUTORELEASING = YES;
				CLANG_WARN_BOOL_CONVERSION = YES;
				CLANG_WARN_COMMA = YES;
				CLANG_WARN_CONSTANT_CONVERSION = YES;
				CLANG_WARN_DEPRECATED_OBJC_IMPLEMENTATIONS = YES;
				CLANG_WARN_DIRECT_OBJC_ISA_USAGE = YES_ERROR;
				CLANG_WARN_DOCUMENTATION_COMMENTS = YES;
				CLANG_WARN_EMPTY_BODY = YES;
				CLANG_WARN_ENUM_CONVERSION = YES;
				CLANG_WARN_INFINITE_RECURSION = YES;
				CLANG_WARN_INT_CONVERSION = YES;
				CLANG_WARN_NON_LITERAL_NULL_CONVERSION = YES;
				CLANG_WARN_OBJC_IMPLICIT_RETAIN_SELF = YES;
				CLANG_WARN_OBJC_LITERAL_CONVERSION = YES;
				CLANG_WARN_OBJC_ROOT_CLASS = YES_ERROR;
				CLANG_WARN_QUOTED_INCLUDE_IN_FRAMEWORK_HEADER = YES;
				CLANG_WARN_RANGE_LOOP_ANALYSIS = YES;
				CLANG_WARN_STRICT_PROTOTYPES = YES;
				CLANG_WARN_SUSPICIOUS_MOVE = YES;
				CLANG_WARN_UNGUARDED_AVAILABILITY = YES_AGGRESSIVE;
				CLANG_WARN_UNREACHABLE_CODE = YES;
				CLANG_WARN__DUPLICATE_METHOD_MATCH = YES;
				COPY_PHASE_STRIP = NO;
				DEBUG_INFORMATION_FORMAT = "dwarf-with-dsym";
				DEVELOPMENT_TEAM = NP43CFP325;
				ENABLE_NS_ASSERTIONS = NO;
				ENABLE_STRICT_OBJC_MSGSEND = YES;
				ENABLE_USER_SCRIPT_SANDBOXING = YES;
				GCC_C_LANGUAGE_STANDARD = gnu17;
				GCC_NO_COMMON_BLOCKS = YES;
				GCC_WARN_64_TO_32_BIT_CONVERSION = YES;
				GCC_WARN_ABOUT_RETURN_TYPE = YES_ERROR;
				GCC_WARN_UNDECLARED_SELECTOR = YES;
				GCC_WARN_UNINITIALIZED_AUTOS = YES_AGGRESSIVE;
				GCC_WARN_UNUSED_FUNCTION = YES;
				GCC_WARN_UNUSED_VARIABLE = YES;
				IPHONEOS_DEPLOYMENT_TARGET = 27.0;
				LOCALIZATION_PREFERS_STRING_CATALOGS = YES;
				MTL_ENABLE_DEBUG_INFO = NO;
				MTL_FAST_MATH = YES;
				SDKROOT = iphoneos;
				SWIFT_COMPILATION_MODE = wholemodule;
				VALIDATE_PRODUCT = YES;
			};
			name = Release;
		};
		BA2462393008FD8800CA2A15 /* Debug configuration for PBXNativeTarget "DevicesideAIModel" */ = {
			isa = XCBuildConfiguration;
			buildSettings = {
				ASSETCATALOG_COMPILER_APPICON_NAME = AppIcon;
				ASSETCATALOG_COMPILER_GLOBAL_ACCENT_COLOR_NAME = AccentColor;
				CODE_SIGN_ENTITLEMENTS = DevicesideAIModel/DevicesideAIModel.entitlements;
				CODE_SIGN_STYLE = Automatic;
				CURRENT_PROJECT_VERSION = 1;
				DEVELOPMENT_TEAM = NP43CFP325;
				ENABLE_PREVIEWS = YES;
				GENERATE_INFOPLIST_FILE = YES;
				INFOPLIST_KEY_UIApplicationSceneManifest_Generation = YES;
				INFOPLIST_KEY_UIApplicationSupportsIndirectInputEvents = YES;
				INFOPLIST_KEY_UILaunchScreen_Generation = YES;
				INFOPLIST_KEY_UISupportedInterfaceOrientations_iPad = "UIInterfaceOrientationPortrait UIInterfaceOrientationPortraitUpsideDown UIInterfaceOrientationLandscapeLeft UIInterfaceOrientationLandscapeRight";
				INFOPLIST_KEY_UISupportedInterfaceOrientations_iPhone = "UIInterfaceOrientationPortrait UIInterfaceOrientationLandscapeLeft UIInterfaceOrientationLandscapeRight";
				LD_RUNPATH_SEARCH_PATHS = (
					"$(inherited)",
					"@executable_path/Frameworks",
				);
				MARKETING_VERSION = 1.0;
				PRODUCT_BUNDLE_IDENTIFIER = top.glinc.DevicesideAIModel;
				PRODUCT_NAME = "$(TARGET_NAME)";
				STRING_CATALOG_GENERATE_SYMBOLS = YES;
				SWIFT_APPROACHABLE_CONCURRENCY = YES;
				SWIFT_DEFAULT_ACTOR_ISOLATION = MainActor;
				SWIFT_EMIT_LOC_STRINGS = YES;
				SWIFT_UPCOMING_FEATURE_MEMBER_IMPORT_VISIBILITY = YES;
				SWIFT_VERSION = 5.0;
				TARGETED_DEVICE_FAMILY = "1,2";
			};
			name = Debug;
		};
		BA24623A3008FD8800CA2A15 /* Release configuration for PBXNativeTarget "DevicesideAIModel" */ = {
			isa = XCBuildConfiguration;
			buildSettings = {
				ASSETCATALOG_COMPILER_APPICON_NAME = AppIcon;
				ASSETCATALOG_COMPILER_GLOBAL_ACCENT_COLOR_NAME = AccentColor;
				CODE_SIGN_ENTITLEMENTS = DevicesideAIModel/DevicesideAIModel.entitlements;
				CODE_SIGN_STYLE = Automatic;
				CURRENT_PROJECT_VERSION = 1;
				DEVELOPMENT_TEAM = NP43CFP325;
				ENABLE_PREVIEWS = YES;
				GENERATE_INFOPLIST_FILE = YES;
				INFOPLIST_KEY_UIApplicationSceneManifest_Generation = YES;
				INFOPLIST_KEY_UIApplicationSupportsIndirectInputEvents = YES;
				INFOPLIST_KEY_UILaunchScreen_Generation = YES;
				INFOPLIST_KEY_UISupportedInterfaceOrientations_iPad = "UIInterfaceOrientationPortrait UIInterfaceOrientationPortraitUpsideDown UIInterfaceOrientationLandscapeLeft UIInterfaceOrientationLandscapeRight";
				INFOPLIST_KEY_UISupportedInterfaceOrientations_iPhone = "UIInterfaceOrientationPortrait UIInterfaceOrientationLandscapeLeft UIInterfaceOrientationLandscapeRight";
				LD_RUNPATH_SEARCH_PATHS = (
					"$(inherited)",
					"@executable_path/Frameworks",
				);
				MARKETING_VERSION = 1.0;
				PRODUCT_BUNDLE_IDENTIFIER = top.glinc.DevicesideAIModel;
				PRODUCT_NAME = "$(TARGET_NAME)";
				STRING_CATALOG_GENERATE_SYMBOLS = YES;
				SWIFT_APPROACHABLE_CONCURRENCY = YES;
				SWIFT_DEFAULT_ACTOR_ISOLATION = MainActor;
				SWIFT_EMIT_LOC_STRINGS = YES;
				SWIFT_UPCOMING_FEATURE_MEMBER_IMPORT_VISIBILITY = YES;
				SWIFT_VERSION = 5.0;
				TARGETED_DEVICE_FAMILY = "1,2";
			};
			name = Release;
		};
/* End XCBuildConfiguration section */

/* Begin XCConfigurationList section */
		BA2462283008FD8700CA2A15 /* Build configuration list for PBXProject "DevicesideAIModel" */ = {
			isa = XCConfigurationList;
			buildConfigurations = (
				BA2462363008FD8800CA2A15 /* Debug configuration for PBXProject "DevicesideAIModel" */,
				BA2462373008FD8800CA2A15 /* Release configuration for PBXProject "DevicesideAIModel" */,
			);
			defaultConfigurationName = Release;
		};
		BA2462383008FD8800CA2A15 /* Build configuration list for PBXNativeTarget "DevicesideAIModel" */ = {
			isa = XCConfigurationList;
			buildConfigurations = (
				BA2462393008FD8800CA2A15 /* Debug configuration for PBXNativeTarget "DevicesideAIModel" */,
				BA24623A3008FD8800CA2A15 /* Release configuration for PBXNativeTarget "DevicesideAIModel" */,
			);
			defaultConfigurationName = Release;
		};
/* End XCConfigurationList section */

/* Begin XCRemoteSwiftPackageReference section */
		BA2754223011126F00F0D89B /* XCRemoteSwiftPackageReference "AIChatUI" */ = {
			isa = XCRemoteSwiftPackageReference;
			repositoryURL = "https://github.com/EasyRead-Open-Source/AIChatUI";
			requirement = {
				branch = main;
				kind = branch;
			};
		};
		BA62BF7A3011112E002DBEA2 /* XCRemoteSwiftPackageReference "coreai-models" */ = {
			isa = XCRemoteSwiftPackageReference;
			repositoryURL = "https://github.com/apple/coreai-models";
			requirement = {
				branch = main;
				kind = branch;
			};
		};
/* End XCRemoteSwiftPackageReference section */

/* Begin XCSwiftPackageProductDependency section */
		BA24623C3008FDBF00CA2A15 /* MarkdownView */ = {
			isa = XCSwiftPackageProductDependency;
			productName = MarkdownView;
		};
		BA24623F3008FDDA00CA2A15 /* AIChatUI */ = {
			isa = XCSwiftPackageProductDependency;
			productName = AIChatUI;
		};
		BA2754233011126F00F0D89B /* AIChatUI */ = {
			isa = XCSwiftPackageProductDependency;
			package = BA2754223011126F00F0D89B /* XCRemoteSwiftPackageReference "AIChatUI" */;
			productName = AIChatUI;
		};
		BA2754253011131000F0D89B /* CoreAILM */ = {
			isa = XCSwiftPackageProductDependency;
			package = BA62BF7A3011112E002DBEA2 /* XCRemoteSwiftPackageReference "coreai-models" */;
			productName = CoreAILM;
		};
/* End XCSwiftPackageProductDependency section */
	};
	rootObject = BA2462253008FD8700CA2A15 /* Project object */;
	validationLevel = 1;
}
